// !$*UTF8*$!
{
	archiveVersion = 1;
	classes = {
	};
	objectVersion = 46;
	objects = {

/* Begin PBXBuildFile section */
		4E39A6B31B57BB62005567B3 /* VideoUpdateViewController.swift in Sources */ = {isa = PBXBuildFile; fileRef = 4E39A6B21B57BB62005567B3 /* VideoUpdateViewController.swift */; };
		4E4A58D11B4D0861004E21F8 /* LoginViewController.swift in Sources */ = {isa = PBXBuildFile; fileRef = 4E4A58D01B4D0861004E21F8 /* LoginViewController.swift */; };
		4E4A58EE1B4D0D61004E21F8 /* VideoSDK.swift in Sources */ = {isa = PBXBuildFile; fileRef = 4E4A58ED1B4D0D61004E21F8 /* VideoSDK.swift */; };
		4E4A58F41B4D0D6F004E21F8 /* SDKMultipartTest.swift in Sources */ = {isa = PBXBuildFile; fileRef = 4E4A58EF1B4D0D6F004E21F8 /* SDKMultipartTest.swift */; };
		4E4A58F51B4D0D6F004E21F8 /* SDKCatalogTest.swift in Sources */ = {isa = PBXBuildFile; fileRef = 4E4A58F01B4D0D6F004E21F8 /* SDKCatalogTest.swift */; };
		4E4A58F61B4D0D6F004E21F8 /* SDKTestInit.swift in Sources */ = {isa = PBXBuildFile; fileRef = 4E4A58F11B4D0D6F004E21F8 /* SDKTestInit.swift */; };
		4E4A58F71B4D0D6F004E21F8 /* SDKUsageTest.swift in Sources */ = {isa = PBXBuildFile; fileRef = 4E4A58F21B4D0D6F004E21F8 /* SDKUsageTest.swift */; };
		4E4A58F81B4D0D6F004E21F8 /* SDKVideoTest.swift in Sources */ = {isa = PBXBuildFile; fileRef = 4E4A58F31B4D0D6F004E21F8 /* SDKVideoTest.swift */; };
		4E4A590D1B4D21E1004E21F8 /* CryptoSwift.framework in Frameworks */ = {isa = PBXBuildFile; fileRef = 4E4A590B1B4D19C5004E21F8 /* CryptoSwift.framework */; };
		4E4A590E1B4D21E1004E21F8 /* CryptoSwift.framework in Embed Frameworks */ = {isa = PBXBuildFile; fileRef = 4E4A590B1B4D19C5004E21F8 /* CryptoSwift.framework */; settings = {ATTRIBUTES = (CodeSignOnCopy, RemoveHeadersOnCopy, ); }; };
		4E4A590F1B4D21E1004E21F8 /* SwiftHTTP.framework in Frameworks */ = {isa = PBXBuildFile; fileRef = 4E4A58EB1B4D0D51004E21F8 /* SwiftHTTP.framework */; };
		4E4A59101B4D21E1004E21F8 /* SwiftHTTP.framework in Embed Frameworks */ = {isa = PBXBuildFile; fileRef = 4E4A58EB1B4D0D51004E21F8 /* SwiftHTTP.framework */; settings = {ATTRIBUTES = (CodeSignOnCopy, RemoveHeadersOnCopy, ); }; };
		4EAB21121B4E1BD10009EE4B /* CatalogTableViewCell.swift in Sources */ = {isa = PBXBuildFile; fileRef = 4EAB21111B4E1BD10009EE4B /* CatalogTableViewCell.swift */; };
		4EAB21161B4E20BB0009EE4B /* CatalogTableViewController.swift in Sources */ = {isa = PBXBuildFile; fileRef = 4EAB21151B4E20BB0009EE4B /* CatalogTableViewController.swift */; };
		4EAB21181B4E22D80009EE4B /* AppContext.swift in Sources */ = {isa = PBXBuildFile; fileRef = 4EAB21171B4E22D80009EE4B /* AppContext.swift */; };
		4EAB211A1B4E581F0009EE4B /* Images.xcassets in Resources */ = {isa = PBXBuildFile; fileRef = 4EAB21191B4E581F0009EE4B /* Images.xcassets */; };
		4EAB211E1B4F70010009EE4B /* VideoTableViewController.swift in Sources */ = {isa = PBXBuildFile; fileRef = 4EAB211D1B4F70010009EE4B /* VideoTableViewController.swift */; };
		4EAB21201B4F7CEA0009EE4B /* VideoTableViewCell.swift in Sources */ = {isa = PBXBuildFile; fileRef = 4EAB211F1B4F7CEA0009EE4B /* VideoTableViewCell.swift */; };
		4EAB21221B4FAEA70009EE4B /* AppUtil.swift in Sources */ = {isa = PBXBuildFile; fileRef = 4EAB21211B4FAEA70009EE4B /* AppUtil.swift */; };
		4EAB21281B4FB6770009EE4B /* PreviewAVPlayerViewController.swift in Sources */ = {isa = PBXBuildFile; fileRef = 4EAB21271B4FB6770009EE4B /* PreviewAVPlayerViewController.swift */; };
		4ECF90FC1B4BA87F00D7DDAB /* AppDelegate.swift in Sources */ = {isa = PBXBuildFile; fileRef = 4ECF90FB1B4BA87F00D7DDAB /* AppDelegate.swift */; };
		4ECF90FE1B4BA87F00D7DDAB /* ViewController.swift in Sources */ = {isa = PBXBuildFile; fileRef = 4ECF90FD1B4BA87F00D7DDAB /* ViewController.swift */; };
		4ECF91011B4BA87F00D7DDAB /* Main.storyboard in Resources */ = {isa = PBXBuildFile; fileRef = 4ECF90FF1B4BA87F00D7DDAB /* Main.storyboard */; };
		4ECF91061B4BA87F00D7DDAB /* LaunchScreen.xib in Resources */ = {isa = PBXBuildFile; fileRef = 4ECF91041B4BA87F00D7DDAB /* LaunchScreen.xib */; };
		4ECF91121B4BA87F00D7DDAB /* AppDemoTests.swift in Sources */ = {isa = PBXBuildFile; fileRef = 4ECF91111B4BA87F00D7DDAB /* AppDemoTests.swift */; };
		4EDF724A1B6764A8008E854F /* MainCanvasViewController.swift in Sources */ = {isa = PBXBuildFile; fileRef = 4EDF72491B6764A8008E854F /* MainCanvasViewController.swift */; };
		4EDF724E1B6871C1008E854F /* UsagePlayViewController.swift in Sources */ = {isa = PBXBuildFile; fileRef = 4EDF724D1B6871C1008E854F /* UsagePlayViewController.swift */; };
		4EDF72501B68767D008E854F /* TimeSelectionViewController.swift in Sources */ = {isa = PBXBuildFile; fileRef = 4EDF724F1B68767D008E854F /* TimeSelectionViewController.swift */; };
		4EDF72521B68C245008E854F /* UsagePlayViewCell.swift in Sources */ = {isa = PBXBuildFile; fileRef = 4EDF72511B68C245008E854F /* UsagePlayViewCell.swift */; };
/* End PBXBuildFile section */

/* Begin PBXContainerItemProxy section */
		4ECF910C1B4BA87F00D7DDAB /* PBXContainerItemProxy */ = {
			isa = PBXContainerItemProxy;
			containerPortal = 4ECF90EE1B4BA87E00D7DDAB /* Project object */;
			proxyType = 1;
			remoteGlobalIDString = 4ECF90F51B4BA87E00D7DDAB;
			remoteInfo = AppDemo;
		};
/* End PBXContainerItemProxy section */

/* Begin PBXCopyFilesBuildPhase section */
		4E4A59111B4D21E1004E21F8 /* Embed Frameworks */ = {
			isa = PBXCopyFilesBuildPhase;
			buildActionMask = 2147483647;
			dstPath = "";
			dstSubfolderSpec = 10;
			files = (
				4E4A59101B4D21E1004E21F8 /* SwiftHTTP.framework in Embed Frameworks */,
				4E4A590E1B4D21E1004E21F8 /* CryptoSwift.framework in Embed Frameworks */,
			);
			name = "Embed Frameworks";
			runOnlyForDeploymentPostprocessing = 0;
		};
/* End PBXCopyFilesBuildPhase section */

/* Begin PBXFileReference section */
		4E39A6B21B57BB62005567B3 /* VideoUpdateViewController.swift */ = {isa = PBXFileReference; fileEncoding = 4; lastKnownFileType = sourcecode.swift; path = VideoUpdateViewController.swift; sourceTree = "<group>"; };
		4E4A58D01B4D0861004E21F8 /* LoginViewController.swift */ = {isa = PBXFileReference; fileEncoding = 4; lastKnownFileType = sourcecode.swift; path = LoginViewController.swift; sourceTree = "<group>"; };
		4E4A58EB1B4D0D51004E21F8 /* SwiftHTTP.framework */ = {isa = PBXFileReference; lastKnownFileType = wrapper.framework; path = SwiftHTTP.framework; sourceTree = "<group>"; };
		4E4A58ED1B4D0D61004E21F8 /* VideoSDK.swift */ = {isa = PBXFileReference; fileEncoding = 4; lastKnownFileType = sourcecode.swift; path = VideoSDK.swift; sourceTree = "<group>"; };
		4E4A58EF1B4D0D6F004E21F8 /* SDKMultipartTest.swift */ = {isa = PBXFileReference; fileEncoding = 4; lastKnownFileType = sourcecode.swift; path = SDKMultipartTest.swift; sourceTree = "<group>"; };
		4E4A58F01B4D0D6F004E21F8 /* SDKCatalogTest.swift */ = {isa = PBXFileReference; fileEncoding = 4; lastKnownFileType = sourcecode.swift; path = SDKCatalogTest.swift; sourceTree = "<group>"; };
		4E4A58F11B4D0D6F004E21F8 /* SDKTestInit.swift */ = {isa = PBXFileReference; fileEncoding = 4; lastKnownFileType = sourcecode.swift; path = SDKTestInit.swift; sourceTree = "<group>"; };
		4E4A58F21B4D0D6F004E21F8 /* SDKUsageTest.swift */ = {isa = PBXFileReference; fileEncoding = 4; lastKnownFileType = sourcecode.swift; path = SDKUsageTest.swift; sourceTree = "<group>"; };
		4E4A58F31B4D0D6F004E21F8 /* SDKVideoTest.swift */ = {isa = PBXFileReference; fileEncoding = 4; lastKnownFileType = sourcecode.swift; path = SDKVideoTest.swift; sourceTree = "<group>"; };
		4E4A590B1B4D19C5004E21F8 /* CryptoSwift.framework */ = {isa = PBXFileReference; lastKnownFileType = wrapper.framework; path = CryptoSwift.framework; sourceTree = "<group>"; };
		4EAB21111B4E1BD10009EE4B /* CatalogTableViewCell.swift */ = {isa = PBXFileReference; fileEncoding = 4; lastKnownFileType = sourcecode.swift; path = CatalogTableViewCell.swift; sourceTree = "<group>"; };
		4EAB21151B4E20BB0009EE4B /* CatalogTableViewController.swift */ = {isa = PBXFileReference; fileEncoding = 4; lastKnownFileType = sourcecode.swift; path = CatalogTableViewController.swift; sourceTree = "<group>"; };
		4EAB21171B4E22D80009EE4B /* AppContext.swift */ = {isa = PBXFileReference; fileEncoding = 4; lastKnownFileType = sourcecode.swift; path = AppContext.swift; sourceTree = "<group>"; };
		4EAB21191B4E581F0009EE4B /* Images.xcassets */ = {isa = PBXFileReference; lastKnownFileType = folder.assetcatalog; path = Images.xcassets; sourceTree = "<group>"; };
		4EAB211D1B4F70010009EE4B /* VideoTableViewController.swift */ = {isa = PBXFileReference; fileEncoding = 4; lastKnownFileType = sourcecode.swift; path = VideoTableViewController.swift; sourceTree = "<group>"; };
		4EAB211F1B4F7CEA0009EE4B /* VideoTableViewCell.swift */ = {isa = PBXFileReference; fileEncoding = 4; lastKnownFileType = sourcecode.swift; path = VideoTableViewCell.swift; sourceTree = "<group>"; };
		4EAB21211B4FAEA70009EE4B /* AppUtil.swift */ = {isa = PBXFileReference; fileEncoding = 4; lastKnownFileType = sourcecode.swift; path = AppUtil.swift; sourceTree = "<group>"; };
		4EAB21271B4FB6770009EE4B /* PreviewAVPlayerViewController.swift */ = {isa = PBXFileReference; fileEncoding = 4; lastKnownFileType = sourcecode.swift; path = PreviewAVPlayerViewController.swift; sourceTree = "<group>"; };
		4ECF90F61B4BA87F00D7DDAB /* AppDemo.app */ = {isa = PBXFileReference; explicitFileType = wrapper.application; includeInIndex = 0; path = AppDemo.app; sourceTree = BUILT_PRODUCTS_DIR; };
		4ECF90FA1B4BA87F00D7DDAB /* Info.plist */ = {isa = PBXFileReference; lastKnownFileType = text.plist.xml; path = Info.plist; sourceTree = "<group>"; };
		4ECF90FB1B4BA87F00D7DDAB /* AppDelegate.swift */ = {isa = PBXFileReference; lastKnownFileType = sourcecode.swift; path = AppDelegate.swift; sourceTree = "<group>"; };
		4ECF90FD1B4BA87F00D7DDAB /* ViewController.swift */ = {isa = PBXFileReference; lastKnownFileType = sourcecode.swift; path = ViewController.swift; sourceTree = "<group>"; };
		4ECF91001B4BA87F00D7DDAB /* Base */ = {isa = PBXFileReference; lastKnownFileType = file.storyboard; name = Base; path = Base.lproj/Main.storyboard; sourceTree = "<group>"; };
		4ECF91051B4BA87F00D7DDAB /* Base */ = {isa = PBXFileReference; lastKnownFileType = file.xib; name = Base; path = Base.lproj/LaunchScreen.xib; sourceTree = "<group>"; };
		4ECF910B1B4BA87F00D7DDAB /* AppDemoTests.xctest */ = {isa = PBXFileReference; explicitFileType = wrapper.cfbundle; includeInIndex = 0; path = AppDemoTests.xctest; sourceTree = BUILT_PRODUCTS_DIR; };
		4ECF91101B4BA87F00D7DDAB /* Info.plist */ = {isa = PBXFileReference; lastKnownFileType = text.plist.xml; path = Info.plist; sourceTree = "<group>"; };
		4ECF91111B4BA87F00D7DDAB /* AppDemoTests.swift */ = {isa = PBXFileReference; lastKnownFileType = sourcecode.swift; path = AppDemoTests.swift; sourceTree = "<group>"; };
		4EDF72491B6764A8008E854F /* MainCanvasViewController.swift */ = {isa = PBXFileReference; fileEncoding = 4; lastKnownFileType = sourcecode.swift; path = MainCanvasViewController.swift; sourceTree = "<group>"; };
		4EDF724D1B6871C1008E854F /* UsagePlayViewController.swift */ = {isa = PBXFileReference; fileEncoding = 4; lastKnownFileType = sourcecode.swift; path = UsagePlayViewController.swift; sourceTree = "<group>"; };
		4EDF724F1B68767D008E854F /* TimeSelectionViewController.swift */ = {isa = PBXFileReference; fileEncoding = 4; lastKnownFileType = sourcecode.swift; path = TimeSelectionViewController.swift; sourceTree = "<group>"; };
		4EDF72511B68C245008E854F /* UsagePlayViewCell.swift */ = {isa = PBXFileReference; fileEncoding = 4; lastKnownFileType = sourcecode.swift; path = UsagePlayViewCell.swift; sourceTree = "<group>"; };
/* End PBXFileReference section */

/* Begin PBXFrameworksBuildPhase section */
		4ECF90F31B4BA87E00D7DDAB /* Frameworks */ = {
			isa = PBXFrameworksBuildPhase;
			buildActionMask = 2147483647;
			files = (
				4E4A590F1B4D21E1004E21F8 /* SwiftHTTP.framework in Frameworks */,
				4E4A590D1B4D21E1004E21F8 /* CryptoSwift.framework in Frameworks */,
			);
			runOnlyForDeploymentPostprocessing = 0;
		};
		4ECF91081B4BA87F00D7DDAB /* Frameworks */ = {
			isa = PBXFrameworksBuildPhase;
			buildActionMask = 2147483647;
			files = (
			);
			runOnlyForDeploymentPostprocessing = 0;
		};
/* End PBXFrameworksBuildPhase section */

/* Begin PBXGroup section */
		4ECF90ED1B4BA87E00D7DDAB = {
			isa = PBXGroup;
			children = (
				4E4A590B1B4D19C5004E21F8 /* CryptoSwift.framework */,
				4E4A58EB1B4D0D51004E21F8 /* SwiftHTTP.framework */,
				4ECF90F81B4BA87F00D7DDAB /* AppDemo */,
				4ECF910E1B4BA87F00D7DDAB /* AppDemoTests */,
				4ECF90F71B4BA87F00D7DDAB /* Products */,
			);
			sourceTree = "<group>";
		};
		4ECF90F71B4BA87F00D7DDAB /* Products */ = {
			isa = PBXGroup;
			children = (
				4ECF90F61B4BA87F00D7DDAB /* AppDemo.app */,
				4ECF910B1B4BA87F00D7DDAB /* AppDemoTests.xctest */,
			);
			name = Products;
			sourceTree = "<group>";
		};
		4ECF90F81B4BA87F00D7DDAB /* AppDemo */ = {
			isa = PBXGroup;
			children = (
				4EAB21191B4E581F0009EE4B /* Images.xcassets */,
				4E4A58ED1B4D0D61004E21F8 /* VideoSDK.swift */,
				4ECF90FB1B4BA87F00D7DDAB /* AppDelegate.swift */,
				4ECF90FD1B4BA87F00D7DDAB /* ViewController.swift */,
				4ECF90FF1B4BA87F00D7DDAB /* Main.storyboard */,
				4ECF91041B4BA87F00D7DDAB /* LaunchScreen.xib */,
				4ECF90F91B4BA87F00D7DDAB /* Supporting Files */,
				4E4A58D01B4D0861004E21F8 /* LoginViewController.swift */,
				4EAB21111B4E1BD10009EE4B /* CatalogTableViewCell.swift */,
				4EAB21151B4E20BB0009EE4B /* CatalogTableViewController.swift */,
				4EAB21171B4E22D80009EE4B /* AppContext.swift */,
				4EAB21271B4FB6770009EE4B /* PreviewAVPlayerViewController.swift */,
				4EDF724F1B68767D008E854F /* TimeSelectionViewController.swift */,
				4E39A6B21B57BB62005567B3 /* VideoUpdateViewController.swift */,
				4EAB21211B4FAEA70009EE4B /* AppUtil.swift */,
				4EAB211D1B4F70010009EE4B /* VideoTableViewController.swift */,
				4EDF724D1B6871C1008E854F /* UsagePlayViewController.swift */,
				4EDF72511B68C245008E854F /* UsagePlayViewCell.swift */,
				4EAB211F1B4F7CEA0009EE4B /* VideoTableViewCell.swift */,
				4EDF72491B6764A8008E854F /* MainCanvasViewController.swift */,
			);
			path = AppDemo;
			sourceTree = "<group>";
		};
		4ECF90F91B4BA87F00D7DDAB /* Supporting Files */ = {
			isa = PBXGroup;
			children = (
				4ECF90FA1B4BA87F00D7DDAB /* Info.plist */,
			);
			name = "Supporting Files";
			sourceTree = "<group>";
		};
		4ECF910E1B4BA87F00D7DDAB /* AppDemoTests */ = {
			isa = PBXGroup;
			children = (
				4E4A58EF1B4D0D6F004E21F8 /* SDKMultipartTest.swift */,
				4E4A58F01B4D0D6F004E21F8 /* SDKCatalogTest.swift */,
				4E4A58F11B4D0D6F004E21F8 /* SDKTestInit.swift */,
				4E4A58F21B4D0D6F004E21F8 /* SDKUsageTest.swift */,
				4E4A58F31B4D0D6F004E21F8 /* SDKVideoTest.swift */,
				4ECF91111B4BA87F00D7DDAB /* AppDemoTests.swift */,
				4ECF910F1B4BA87F00D7DDAB /* Supporting Files */,
			);
			path = AppDemoTests;
			sourceTree = "<group>";
		};
		4ECF910F1B4BA87F00D7DDAB /* Supporting Files */ = {
			isa = PBXGroup;
			children = (
				4ECF91101B4BA87F00D7DDAB /* Info.plist */,
			);
			name = "Supporting Files";
			sourceTree = "<group>";
		};
/* End PBXGroup section */

/* Begin PBXNativeTarget section */
		4ECF90F51B4BA87E00D7DDAB /* AppDemo */ = {
			isa = PBXNativeTarget;
			buildConfigurationList = 4ECF91151B4BA87F00D7DDAB /* Build configuration list for PBXNativeTarget "AppDemo" */;
			buildPhases = (
				4ECF90F21B4BA87E00D7DDAB /* Sources */,
				4ECF90F31B4BA87E00D7DDAB /* Frameworks */,
				4ECF90F41B4BA87E00D7DDAB /* Resources */,
				4E4A59111B4D21E1004E21F8 /* Embed Frameworks */,
			);
			buildRules = (
			);
			dependencies = (
			);
			name = AppDemo;
			productName = AppDemo;
			productReference = 4ECF90F61B4BA87F00D7DDAB /* AppDemo.app */;
			productType = "com.apple.product-type.application";
		};
		4ECF910A1B4BA87F00D7DDAB /* AppDemoTests */ = {
			isa = PBXNativeTarget;
			buildConfigurationList = 4ECF91181B4BA87F00D7DDAB /* Build configuration list for PBXNativeTarget "AppDemoTests" */;
			buildPhases = (
				4ECF91071B4BA87F00D7DDAB /* Sources */,
				4ECF91081B4BA87F00D7DDAB /* Frameworks */,
				4ECF91091B4BA87F00D7DDAB /* Resources */,
			);
			buildRules = (
			);
			dependencies = (
				4ECF910D1B4BA87F00D7DDAB /* PBXTargetDependency */,
			);
			name = AppDemoTests;
			productName = AppDemoTests;
			productReference = 4ECF910B1B4BA87F00D7DDAB /* AppDemoTests.xctest */;
			productType = "com.apple.product-type.bundle.unit-test";
		};
/* End PBXNativeTarget section */

/* Begin PBXProject section */
		4ECF90EE1B4BA87E00D7DDAB /* Project object */ = {
			isa = PBXProject;
			attributes = {
				LastUpgradeCheck = 0630;
				ORGANIZATIONNAME = onecloud.inc;
				TargetAttributes = {
					4ECF90F51B4BA87E00D7DDAB = {
						CreatedOnToolsVersion = 6.3.2;
					};
					4ECF910A1B4BA87F00D7DDAB = {
						CreatedOnToolsVersion = 6.3.2;
						TestTargetID = 4ECF90F51B4BA87E00D7DDAB;
					};
				};
			};
			buildConfigurationList = 4ECF90F11B4BA87E00D7DDAB /* Build configuration list for PBXProject "AppDemo" */;
			compatibilityVersion = "Xcode 3.2";
			developmentRegion = English;
			hasScannedForEncodings = 0;
			knownRegions = (
				en,
				Base,
			);
			mainGroup = 4ECF90ED1B4BA87E00D7DDAB;
			productRefGroup = 4ECF90F71B4BA87F00D7DDAB /* Products */;
			projectDirPath = "";
			projectRoot = "";
			targets = (
				4ECF90F51B4BA87E00D7DDAB /* AppDemo */,
				4ECF910A1B4BA87F00D7DDAB /* AppDemoTests */,
			);
		};
/* End PBXProject section */

/* Begin PBXResourcesBuildPhase section */
		4ECF90F41B4BA87E00D7DDAB /* Resources */ = {
			isa = PBXResourcesBuildPhase;
			buildActionMask = 2147483647;
			files = (
				4EAB211A1B4E581F0009EE4B /* Images.xcassets in Resources */,
				4ECF91011B4BA87F00D7DDAB /* Main.storyboard in Resources */,
				4ECF91061B4BA87F00D7DDAB /* LaunchScreen.xib in Resources */,
			);
			runOnlyForDeploymentPostprocessing = 0;
		};
		4ECF91091B4BA87F00D7DDAB /* Resources */ = {
			isa = PBXResourcesBuildPhase;
			buildActionMask = 2147483647;
			files = (
			);
			runOnlyForDeploymentPostprocessing = 0;
		};
/* End PBXResourcesBuildPhase section */

/* Begin PBXSourcesBuildPhase section */
		4ECF90F21B4BA87E00D7DDAB /* Sources */ = {
			isa = PBXSourcesBuildPhase;
			buildActionMask = 2147483647;
			files = (
				4EAB21161B4E20BB0009EE4B /* CatalogTableViewController.swift in Sources */,
				4E4A58D11B4D0861004E21F8 /* LoginViewController.swift in Sources */,
				4ECF90FE1B4BA87F00D7DDAB /* ViewController.swift in Sources */,
				4EAB21221B4FAEA70009EE4B /* AppUtil.swift in Sources */,
				4EAB21181B4E22D80009EE4B /* AppContext.swift in Sources */,
				4E39A6B31B57BB62005567B3 /* VideoUpdateViewController.swift in Sources */,
				4EDF724A1B6764A8008E854F /* MainCanvasViewController.swift in Sources */,
				4E4A58EE1B4D0D61004E21F8 /* VideoSDK.swift in Sources */,
				4EDF72521B68C245008E854F /* UsagePlayViewCell.swift in Sources */,
				4ECF90FC1B4BA87F00D7DDAB /* AppDelegate.swift in Sources */,
				4EAB21121B4E1BD10009EE4B /* CatalogTableViewCell.swift in Sources */,
				4EAB211E1B4F70010009EE4B /* VideoTableViewController.swift in Sources */,
				4EAB21201B4F7CEA0009EE4B /* VideoTableViewCell.swift in Sources */,
				4EAB21281B4FB6770009EE4B /* PreviewAVPlayerViewController.swift in Sources */,
				4EDF72501B68767D008E854F /* TimeSelectionViewController.swift in Sources */,
				4EDF724E1B6871C1008E854F /* UsagePlayViewController.swift in Sources */,
			);
			runOnlyForDeploymentPostprocessing = 0;
		};
		4ECF91071B4BA87F00D7DDAB /* Sources */ = {
			isa = PBXSourcesBuildPhase;
			buildActionMask = 2147483647;
			files = (
				4ECF91121B4BA87F00D7DDAB /* AppDemoTests.swift in Sources */,
				4E4A58F51B4D0D6F004E21F8 /* SDKCatalogTest.swift in Sources */,
				4E4A58F61B4D0D6F004E21F8 /* SDKTestInit.swift in Sources */,
				4E4A58F41B4D0D6F004E21F8 /* SDKMultipartTest.swift in Sources */,
				4E4A58F81B4D0D6F004E21F8 /* SDKVideoTest.swift in Sources */,
				4E4A58F71B4D0D6F004E21F8 /* SDKUsageTest.swift in Sources */,
			);
			runOnlyForDeploymentPostprocessing = 0;
		};
/* End PBXSourcesBuildPhase section */

/* Begin PBXTargetDependency section */
		4ECF910D1B4BA87F00D7DDAB /* PBXTargetDependency */ = {
			isa = PBXTargetDependency;
			target = 4ECF90F51B4BA87E00D7DDAB /* AppDemo */;
			targetProxy = 4ECF910C1B4BA87F00D7DDAB /* PBXContainerItemProxy */;
		};
/* End PBXTargetDependency section */

/* Begin PBXVariantGroup section */
		4ECF90FF1B4BA87F00D7DDAB /* Main.storyboard */ = {
			isa = PBXVariantGroup;
			children = (
				4ECF91001B4BA87F00D7DDAB /* Base */,
			);
			name = Main.storyboard;
			sourceTree = "<group>";
		};
		4ECF91041B4BA87F00D7DDAB /* LaunchScreen.xib */ = {
			isa = PBXVariantGroup;
			children = (
				4ECF91051B4BA87F00D7DDAB /* Base */,
			);
			name = LaunchScreen.xib;
			sourceTree = "<group>";
		};
/* End PBXVariantGroup section */

/* Begin XCBuildConfiguration section */
		4ECF91131B4BA87F00D7DDAB /* Debug */ = {
			isa = XCBuildConfiguration;
			buildSettings = {
				ALWAYS_SEARCH_USER_PATHS = NO;
				CLANG_CXX_LANGUAGE_STANDARD = "gnu++0x";
				CLANG_CXX_LIBRARY = "libc++";
				CLANG_ENABLE_MODULES = YES;
				CLANG_ENABLE_OBJC_ARC = YES;
				CLANG_WARN_BOOL_CONVERSION = YES;
				CLANG_WARN_CONSTANT_CONVERSION = YES;
				CLANG_WARN_DIRECT_OBJC_ISA_USAGE = YES_ERROR;
				CLANG_WARN_EMPTY_BODY = YES;
				CLANG_WARN_ENUM_CONVERSION = YES;
				CLANG_WARN_INT_CONVERSION = YES;
				CLANG_WARN_OBJC_ROOT_CLASS = YES_ERROR;
				CLANG_WARN_UNREACHABLE_CODE = YES;
				CLANG_WARN__DUPLICATE_METHOD_MATCH = YES;
				"CODE_SIGN_IDENTITY[sdk=iphoneos*]" = "iPhone Developer";
				COPY_PHASE_STRIP = NO;
				DEBUG_INFORMATION_FORMAT = "dwarf-with-dsym";
				ENABLE_STRICT_OBJC_MSGSEND = YES;
				GCC_C_LANGUAGE_STANDARD = gnu99;
				GCC_DYNAMIC_NO_PIC = NO;
				GCC_NO_COMMON_BLOCKS = YES;
				GCC_OPTIMIZATION_LEVEL = 0;
				GCC_PREPROCESSOR_DEFINITIONS = (
					"DEBUG=1",
					"$(inherited)",
				);
				GCC_SYMBOLS_PRIVATE_EXTERN = NO;
				GCC_WARN_64_TO_32_BIT_CONVERSION = YES;
				GCC_WARN_ABOUT_RETURN_TYPE = YES_ERROR;
				GCC_WARN_UNDECLARED_SELECTOR = YES;
				GCC_WARN_UNINITIALIZED_AUTOS = YES_AGGRESSIVE;
				GCC_WARN_UNUSED_FUNCTION = YES;
				GCC_WARN_UNUSED_VARIABLE = YES;
				IPHONEOS_DEPLOYMENT_TARGET = 8.3;
				MTL_ENABLE_DEBUG_INFO = YES;
				ONLY_ACTIVE_ARCH = YES;
				SDKROOT = iphoneos;
				SWIFT_OPTIMIZATION_LEVEL = "-Onone";
				TARGETED_DEVICE_FAMILY = "1,2";
			};
			name = Debug;
		};
		4ECF91141B4BA87F00D7DDAB /* Release */ = {
			isa = XCBuildConfiguration;
			buildSettings = {
				ALWAYS_SEARCH_USER_PATHS = NO;
				CLANG_CXX_LANGUAGE_STANDARD = "gnu++0x";
				CLANG_CXX_LIBRARY = "libc++";
				CLANG_ENABLE_MODULES = YES;
				CLANG_ENABLE_OBJC_ARC = YES;
				CLANG_WARN_BOOL_CONVERSION = YES;
				CLANG_WARN_CONSTANT_CONVERSION = YES;
				CLANG_WARN_DIRECT_OBJC_ISA_USAGE = YES_ERROR;
				CLANG_WARN_EMPTY_BODY = YES;
				CLANG_WARN_ENUM_CONVERSION = YES;
				CLANG_WARN_INT_CONVERSION = YES;
				CLANG_WARN_OBJC_ROOT_CLASS = YES_ERROR;
				CLANG_WARN_UNREACHABLE_CODE = YES;
				CLANG_WARN__DUPLICATE_METHOD_MATCH = YES;
				"CODE_SIGN_IDENTITY[sdk=iphoneos*]" = "iPhone Developer";
				COPY_PHASE_STRIP = NO;
				DEBUG_INFORMATION_FORMAT = "dwarf-with-dsym";
				ENABLE_NS_ASSERTIONS = NO;
				ENABLE_STRICT_OBJC_MSGSEND = YES;
				GCC_C_LANGUAGE_STANDARD = gnu99;
				GCC_NO_COMMON_BLOCKS = YES;
				GCC_WARN_64_TO_32_BIT_CONVERSION = YES;
				GCC_WARN_ABOUT_RETURN_TYPE = YES_ERROR;
				GCC_WARN_UNDECLARED_SELECTOR = YES;
				GCC_WARN_UNINITIALIZED_AUTOS = YES_AGGRESSIVE;
				GCC_WARN_UNUSED_FUNCTION = YES;
				GCC_WARN_UNUSED_VARIABLE = YES;
				IPHONEOS_DEPLOYMENT_TARGET = 8.3;
				MTL_ENABLE_DEBUG_INFO = NO;
				SDKROOT = iphoneos;
				TARGETED_DEVICE_FAMILY = "1,2";
				VALIDATE_PRODUCT = YES;
			};
			name = Release;
		};
		4ECF91161B4BA87F00D7DDAB /* Debug */ = {
			isa = XCBuildConfiguration;
			buildSettings = {
				ASSETCATALOG_COMPILER_APPICON_NAME = AppIcon;
				FRAMEWORK_SEARCH_PATHS = (
					"$(inherited)",
					"$(PROJECT_DIR)",
				);
				INFOPLIST_FILE = AppDemo/Info.plist;
				LD_RUNPATH_SEARCH_PATHS = "$(inherited) @executable_path/Frameworks";
				PRODUCT_NAME = "$(TARGET_NAME)";
			};
			name = Debug;
		};
		4ECF91171B4BA87F00D7DDAB /* Release */ = {
			isa = XCBuildConfiguration;
			buildSettings = {
				ASSETCATALOG_COMPILER_APPICON_NAME = AppIcon;
				FRAMEWORK_SEARCH_PATHS = (
					"$(inherited)",
					"$(PROJECT_DIR)",
				);
				INFOPLIST_FILE = AppDemo/Info.plist;
				LD_RUNPATH_SEARCH_PATHS = "$(inherited) @executable_path/Frameworks";
				PRODUCT_NAME = "$(TARGET_NAME)";
			};
			name = Release;
		};
		4ECF91191B4BA87F00D7DDAB /* Debug */ = {
			isa = XCBuildConfiguration;
			buildSettings = {
				BUNDLE_LOADER = "$(TEST_HOST)";
				FRAMEWORK_SEARCH_PATHS = (
					"$(SDKROOT)/Developer/Library/Frameworks",
					"$(inherited)",
				);
				GCC_PREPROCESSOR_DEFINITIONS = (
					"DEBUG=1",
					"$(inherited)",
				);
				INFOPLIST_FILE = AppDemoTests/Info.plist;
				LD_RUNPATH_SEARCH_PATHS = "$(inherited) @executable_path/Frameworks @loader_path/Frameworks";
				PRODUCT_NAME = "$(TARGET_NAME)";
				TEST_HOST = "$(BUILT_PRODUCTS_DIR)/AppDemo.app/AppDemo";
			};
			name = Debug;
		};
		4ECF911A1B4BA87F00D7DDAB /* Release */ = {
			isa = XCBuildConfiguration;
			buildSettings = {
				BUNDLE_LOADER = "$(TEST_HOST)";
				FRAMEWORK_SEARCH_PATHS = (
					"$(SDKROOT)/Developer/Library/Frameworks",
					"$(inherited)",
				);
				INFOPLIST_FILE = AppDemoTests/Info.plist;
				LD_RUNPATH_SEARCH_PATHS = "$(inherited) @executable_path/Frameworks @loader_path/Frameworks";
				PRODUCT_NAME = "$(TARGET_NAME)";
				TEST_HOST = "$(BUILT_PRODUCTS_DIR)/AppDemo.app/AppDemo";
			};
			name = Release;
		};
/* End XCBuildConfiguration section */

/* Begin XCConfigurationList section */
		4ECF90F11B4BA87E00D7DDAB /* Build configuration list for PBXProject "AppDemo" */ = {
			isa = XCConfigurationList;
			buildConfigurations = (
				4ECF91131B4BA87F00D7DDAB /* Debug */,
				4ECF91141B4BA87F00D7DDAB /* Release */,
			);
			defaultConfigurationIsVisible = 0;
			defaultConfigurationName = Release;
		};
		4ECF91151B4BA87F00D7DDAB /* Build configuration list for PBXNativeTarget "AppDemo" */ = {
			isa = XCConfigurationList;
			buildConfigurations = (
				4ECF91161B4BA87F00D7DDAB /* Debug */,
				4ECF91171B4BA87F00D7DDAB /* Release */,
			);
			defaultConfigurationIsVisible = 0;
			defaultConfigurationName = Release;
		};
		4ECF91181B4BA87F00D7DDAB /* Build configuration list for PBXNativeTarget "AppDemoTests" */ = {
			isa = XCConfigurationList;
			buildConfigurations = (
				4ECF91191B4BA87F00D7DDAB /* Debug */,
				4ECF911A1B4BA87F00D7DDAB /* Release */,
			);
			defaultConfigurationIsVisible = 0;
			defaultConfigurationName = Release;
		};
/* End XCConfigurationList section */
	};
	rootObject = 4ECF90EE1B4BA87E00D7DDAB /* Project object */;
}
